
Microsoft Visual Studio Solution File, Format Version 12.00
# Visual Studio 2013
VisualStudioVersion = 12.0.31101.0
MinimumVisualStudioVersion = 10.0.40219.1
Project("{FAE04EC0-301F-11D3-BF4B-00C04F79EFBC}") = "Guifreaks.Navisuite", "Guifreaks.Navisuite\Guifreaks.Navisuite.csproj", "{0A36A411-799A-487A-A72F-86F786B4CF28}"
EndProject
Project("{FAE04EC0-301F-11D3-BF4B-00C04F79EFBC}") = "Guifreaks.Common", "Guifreaks.Common\Guifreaks.Common.csproj", "{76DCDCF5-D1EB-482B-8B6E-C56CA2476A5D}"
EndProject
Project("{FAE04EC0-301F-11D3-BF4B-00C04F79EFBC}") = "Guifreaks.NavisuiteDemo", "Guifreaks.NavisuiteDemo\Guifreaks.NavisuiteDemo.csproj", "{71ED8374-1F1C-465D-BAAA-181FF0C7B335}"
EndProject
Project("{FAE04EC0-301F-11D3-BF4B-00C04F79EFBC}") = "Guifreaks.Design", "Guifreaks.Design\Guifreaks.Design.csproj", "{145CBE7B-F2A5-4F4D-A0BF-7B6A92FAFAA9}"
EndProject
Project("{930C7802-8A8C-48F9-8165-68863BCCD9DD}") = "Guifreaks.Installer", "Guifreaks.Installer\Guifreaks.Installer.wixproj", "{DFEA4D02-27AC-479E-9814-C8A61E2A5E95}"
EndProject
Global
	GlobalSection(SolutionConfigurationPlatforms) = preSolution
		Debug|Any CPU = Debug|Any CPU
		Debug|Mixed Platforms = Debug|Mixed Platforms
		Debug|x86 = Debug|x86
		Release|Any CPU = Release|Any CPU
		Release|Mixed Platforms = Release|Mixed Platforms
		Release|x86 = Release|x86
	EndGlobalSection
	GlobalSection(ProjectConfigurationPlatforms) = postSolution
		{0A36A411-799A-487A-A72F-86F786B4CF28}.Debug|Any CPU.ActiveCfg = Debug|Any CPU
		{0A36A411-799A-487A-A72F-86F786B4CF28}.Debug|Any CPU.Build.0 = Debug|Any CPU
		{0A36A411-799A-487A-A72F-86F786B4CF28}.Debug|Mixed Platforms.ActiveCfg = Debug|Any CPU
		{0A36A411-799A-487A-A72F-86F786B4CF28}.Debug|Mixed Platforms.Build.0 = Debug|Any CPU
		{0A36A411-799A-487A-A72F-86F786B4CF28}.Debug|x86.ActiveCfg = Debug|Any CPU
		{0A36A411-799A-487A-A72F-86F786B4CF28}.Release|Any CPU.ActiveCfg = Release|Any CPU
		{0A36A411-799A-487A-A72F-86F786B4CF28}.Release|Any CPU.Build.0 = Release|Any CPU
		{0A36A411-799A-487A-A72F-86F786B4CF28}.Release|Mixed Platforms.ActiveCfg = Release|Any CPU
		{0A36A411-799A-487A-A72F-86F786B4CF28}.Release|Mixed Platforms.Build.0 = Release|Any CPU
		{0A36A411-799A-487A-A72F-86F786B4CF28}.Release|x86.ActiveCfg = Release|Any CPU
		{76DCDCF5-D1EB-482B-8B6E-C56CA2476A5D}.Debug|Any CPU.ActiveCfg = Debug|Any CPU
		{76DCDCF5-D1EB-482B-8B6E-C56CA2476A5D}.Debug|Any CPU.Build.0 = Debug|Any CPU
		{76DCDCF5-D1EB-482B-8B6E-C56CA2476A5D}.Debug|Mixed Platforms.ActiveCfg = Debug|Any CPU
		{76DCDCF5-D1EB-482B-8B6E-C56CA2476A5D}.Debug|Mixed Platforms.Build.0 = Debug|Any CPU
		{76DCDCF5-D1EB-482B-8B6E-C56CA2476A5D}.Debug|x86.ActiveCfg = Debug|Any CPU
		{76DCDCF5-D1EB-482B-8B6E-C56CA2476A5D}.Release|Any CPU.ActiveCfg = Release|Any CPU
		{76DCDCF5-D1EB-482B-8B6E-C56CA2476A5D}.Release|Any CPU.Build.0 = Release|Any CPU
		{76DCDCF5-D1EB-482B-8B6E-C56CA2476A5D}.Release|Mixed Platforms.ActiveCfg = Release|Any CPU
		{76DCDCF5-D1EB-482B-8B6E-C56CA2476A5D}.Release|Mixed Platforms.Build.0 = Release|Any CPU
		{76DCDCF5-D1EB-482B-8B6E-C56CA2476A5D}.Release|x86.ActiveCfg = Release|Any CPU
		{71ED8374-1F1C-465D-BAAA-181FF0C7B335}.Debug|Any CPU.ActiveCfg = Debug|Any CPU
		{71ED8374-1F1C-465D-BAAA-181FF0C7B335}.Debug|Any CPU.Build.0 = Debug|Any CPU
		{71ED8374-1F1C-465D-BAAA-181FF0C7B335}.Debug|Mixed Platforms.ActiveCfg = Debug|Any CPU
		{71ED8374-1F1C-465D-BAAA-181FF0C7B335}.Debug|Mixed Platforms.Build.0 = Debug|Any CPU
		{71ED8374-1F1C-465D-BAAA-181FF0C7B335}.Debug|x86.ActiveCfg = Debug|Any CPU
		{71ED8374-1F1C-465D-BAAA-181FF0C7B335}.Release|Any CPU.ActiveCfg = Release|Any CPU
		{71ED8374-1F1C-465D-BAAA-181FF0C7B335}.Release|Any CPU.Build.0 = Release|Any CPU
		{71ED8374-1F1C-465D-BAAA-181FF0C7B335}.Release|Mixed Platforms.ActiveCfg = Release|Any CPU
		{71ED8374-1F1C-465D-BAAA-181FF0C7B335}.Release|Mixed Platforms.Build.0 = Release|Any CPU
		{71ED8374-1F1C-465D-BAAA-181FF0C7B335}.Release|x86.ActiveCfg = Release|Any CPU
		{145CBE7B-F2A5-4F4D-A0BF-7B6A92FAFAA9}.Debug|Any CPU.ActiveCfg = Debug|Any CPU
		{145CBE7B-F2A5-4F4D-A0BF-7B6A92FAFAA9}.Debug|Any CPU.Build.0 = Debug|Any CPU
		{145CBE7B-F2A5-4F4D-A0BF-7B6A92FAFAA9}.Debug|Mixed Platforms.ActiveCfg = Debug|Any CPU
		{145CBE7B-F2A5-4F4D-A0BF-7B6A92FAFAA9}.Debug|Mixed Platforms.Build.0 = Debug|Any CPU
		{145CBE7B-F2A5-4F4D-A0BF-7B6A92FAFAA9}.Debug|x86.ActiveCfg = Debug|Any CPU
		{145CBE7B-F2A5-4F4D-A0BF-7B6A92FAFAA9}.Release|Any CPU.ActiveCfg = Release|Any CPU
		{145CBE7B-F2A5-4F4D-A0BF-7B6A92FAFAA9}.Release|Any CPU.Build.0 = Release|Any CPU
		{145CBE7B-F2A5-4F4D-A0BF-7B6A92FAFAA9}.Release|Mixed Platforms.ActiveCfg = Release|Any CPU
		{145CBE7B-F2A5-4F4D-A0BF-7B6A92FAFAA9}.Release|Mixed Platforms.Build.0 = Release|Any CPU
		{145CBE7B-F2A5-4F4D-A0BF-7B6A92FAFAA9}.Release|x86.ActiveCfg = Release|Any CPU
		{DFEA4D02-27AC-479E-9814-C8A61E2A5E95}.Debug|Any CPU.ActiveCfg = Debug|x86
		{DFEA4D02-27AC-479E-9814-C8A61E2A5E95}.Debug|Mixed Platforms.ActiveCfg = Debug|x86
		{DFEA4D02-27AC-479E-9814-C8A61E2A5E95}.Debug|Mixed Platforms.Build.0 = Debug|x86
		{DFEA4D02-27AC-479E-9814-C8A61E2A5E95}.Debug|x86.ActiveCfg = Debug|x86
		{DFEA4D02-27AC-479E-9814-C8A61E2A5E95}.Debug|x86.Build.0 = Debug|x86
		{DFEA4D02-27AC-479E-9814-C8A61E2A5E95}.Release|Any CPU.ActiveCfg = Release|x86
		{DFEA4D02-27AC-479E-9814-C8A61E2A5E95}.Release|Mixed Platforms.ActiveCfg = Release|x86
		{DFEA4D02-27AC-479E-9814-C8A61E2A5E95}.Release|Mixed Platforms.Build.0 = Release|x86
		{DFEA4D02-27AC-479E-9814-C8A61E2A5E95}.Release|x86.ActiveCfg = Release|x86
		{DFEA4D02-27AC-479E-9814-C8A61E2A5E95}.Release|x86.Build.0 = Release|x86
	EndGlobalSection
	GlobalSection(SolutionProperties) = preSolution
		HideSolutionNode = FALSE
	EndGlobalSection
EndGlobal
